// !$*UTF8*$!
{
	archiveVersion = 1;
	classes = {
	};
	objectVersion = 50;
	objects = {

/* Begin PBXBuildFile section */
		8E50886E2604F5A9006CFD02 /* AppDelegate.swift in Sources */ = {isa = PBXBuildFile; fileRef = 8E50886D2604F5A9006CFD02 /* AppDelegate.swift */; };
		8E5088702604F5A9006CFD02 /* SceneDelegate.swift in Sources */ = {isa = PBXBuildFile; fileRef = 8E50886F2604F5A9006CFD02 /* SceneDelegate.swift */; };
		8E5088722604F5A9006CFD02 /* ViewController.swift in Sources */ = {isa = PBXBuildFile; fileRef = 8E5088712604F5A9006CFD02 /* ViewController.swift */; };
		8E5088752604F5A9006CFD02 /* Main.storyboard in Resources */ = {isa = PBXBuildFile; fileRef = 8E5088732604F5A9006CFD02 /* Main.storyboard */; };
		8E5088772604F5AD006CFD02 /* Assets.xcassets in Resources */ = {isa = PBXBuildFile; fileRef = 8E5088762604F5AD006CFD02 /* Assets.xcassets */; };
		8E50887A2604F5AD006CFD02 /* LaunchScreen.storyboard in Resources */ = {isa = PBXBuildFile; fileRef = 8E5088782604F5AD006CFD02 /* LaunchScreen.storyboard */; };
		8E5088902604F5AD006CFD02 /* DataAppUITests.swift in Sources */ = {isa = PBXBuildFile; fileRef = 8E50888F2604F5AD006CFD02 /* DataAppUITests.swift */; };
		8E5088A12604F621006CFD02 /* LoginWebService.swift in Sources */ = {isa = PBXBuildFile; fileRef = 8E5088A02604F621006CFD02 /* LoginWebService.swift */; };
		8E5088A32604F64F006CFD02 /* LoginWebServiceTest.swift in Sources */ = {isa = PBXBuildFile; fileRef = 8E5088A22604F64F006CFD02 /* LoginWebServiceTest.swift */; };
		8E5088A52604F6B6006CFD02 /* LoginRequestModel.swift in Sources */ = {isa = PBXBuildFile; fileRef = 8E5088A42604F6B6006CFD02 /* LoginRequestModel.swift */; };
		8E5088A72604F765006CFD02 /* LoginResponseModel.swift in Sources */ = {isa = PBXBuildFile; fileRef = 8E5088A62604F765006CFD02 /* LoginResponseModel.swift */; };
		8E5088AB26064722006CFD02 /* MockUrlProtocal.swift in Sources */ = {isa = PBXBuildFile; fileRef = 8E5088AA26064722006CFD02 /* MockUrlProtocal.swift */; };
		8E5088AD26064CCE006CFD02 /* ApiEndPoints.swift in Sources */ = {isa = PBXBuildFile; fileRef = 8E5088AC26064CCE006CFD02 /* ApiEndPoints.swift */; };
		8E5088AF26065360006CFD02 /* LoginNetworkerror.swift in Sources */ = {isa = PBXBuildFile; fileRef = 8E5088AE26065360006CFD02 /* LoginNetworkerror.swift */; };
		8E8DCDFE26095E9B00647D31 /* LoginPresenterTest.swift in Sources */ = {isa = PBXBuildFile; fileRef = 8E8DCDFD26095E9B00647D31 /* LoginPresenterTest.swift */; };
		8E8DCE002609608B00647D31 /* LoginPresenter.swift in Sources */ = {isa = PBXBuildFile; fileRef = 8E8DCDFF2609608B00647D31 /* LoginPresenter.swift */; };
		8E8DCE0426096A0700647D31 /* MockLoginValidatorModel.swift in Sources */ = {isa = PBXBuildFile; fileRef = 8E8DCE0326096A0700647D31 /* MockLoginValidatorModel.swift */; };
		8E8DCE08260F294100647D31 /* LoginViewControllerTest.swift in Sources */ = {isa = PBXBuildFile; fileRef = 8E8DCE07260F294100647D31 /* LoginViewControllerTest.swift */; };
		8E8DCE0A260F2DFB00647D31 /* LoginViewController.swift in Sources */ = {isa = PBXBuildFile; fileRef = 8E8DCE09260F2DFB00647D31 /* LoginViewController.swift */; };
		8E8DCE0D2610600700647D31 /* MockLoginPresenter.swift in Sources */ = {isa = PBXBuildFile; fileRef = 8E8DCE0C2610600700647D31 /* MockLoginPresenter.swift */; };
		8E8DCE102610BE2F00647D31 /* LoginPresenterProtocal.swift in Sources */ = {isa = PBXBuildFile; fileRef = 8E8DCE0F2610BE2F00647D31 /* LoginPresenterProtocal.swift */; };
		8E8DCE122610BF1B00647D31 /* LoginModelValidatorProtocol.swift in Sources */ = {isa = PBXBuildFile; fileRef = 8E8DCE112610BF1B00647D31 /* LoginModelValidatorProtocol.swift */; };
		8E8DCE142610BFA500647D31 /* LoginWebServiceProtocol.swift in Sources */ = {isa = PBXBuildFile; fileRef = 8E8DCE132610BFA500647D31 /* LoginWebServiceProtocol.swift */; };
		8E8DCE162610BFD100647D31 /* LoginViewDelegateProtocol.swift in Sources */ = {isa = PBXBuildFile; fileRef = 8E8DCE152610BFD100647D31 /* LoginViewDelegateProtocol.swift */; };
		8E8DCE182610C66200647D31 /* LoginModel.swift in Sources */ = {isa = PBXBuildFile; fileRef = 8E8DCE172610C66200647D31 /* LoginModel.swift */; };
		8E8DCE1A2610CF4800647D31 /* MockLoginWebServiceTest.swift in Sources */ = {isa = PBXBuildFile; fileRef = 8E8DCE192610CF4800647D31 /* MockLoginWebServiceTest.swift */; };
		8E8DCE1D2610CFFC00647D31 /* MockLoginViewDelegateTest.swift in Sources */ = {isa = PBXBuildFile; fileRef = 8E8DCE1C2610CFFC00647D31 /* MockLoginViewDelegateTest.swift */; };
		8E8DCE1F2612EE0C00647D31 /* LoginFromModelValidator.swift in Sources */ = {isa = PBXBuildFile; fileRef = 8E8DCE1E2612EE0C00647D31 /* LoginFromModelValidator.swift */; };
		8E8DCE212612F26100647D31 /* LoginConstants.swift in Sources */ = {isa = PBXBuildFile; fileRef = 8E8DCE202612F26100647D31 /* LoginConstants.swift */; };
/* End PBXBuildFile section */

/* Begin PBXContainerItemProxy section */
		8E5088812604F5AD006CFD02 /* PBXContainerItemProxy */ = {
			isa = PBXContainerItemProxy;
			containerPortal = 8E5088622604F5A9006CFD02 /* Project object */;
			proxyType = 1;
			remoteGlobalIDString = 8E5088692604F5A9006CFD02;
			remoteInfo = DataApp;
		};
		8E50888C2604F5AD006CFD02 /* PBXContainerItemProxy */ = {
			isa = PBXContainerItemProxy;
			containerPortal = 8E5088622604F5A9006CFD02 /* Project object */;
			proxyType = 1;
			remoteGlobalIDString = 8E5088692604F5A9006CFD02;
			remoteInfo = DataApp;
		};
/* End PBXContainerItemProxy section */

/* Begin PBXFileReference section */
		8E50886A2604F5A9006CFD02 /* DataApp.app */ = {isa = PBXFileReference; explicitFileType = wrapper.application; includeInIndex = 0; path = DataApp.app; sourceTree = BUILT_PRODUCTS_DIR; };
		8E50886D2604F5A9006CFD02 /* AppDelegate.swift */ = {isa = PBXFileReference; lastKnownFileType = sourcecode.swift; path = AppDelegate.swift; sourceTree = "<group>"; };
		8E50886F2604F5A9006CFD02 /* SceneDelegate.swift */ = {isa = PBXFileReference; lastKnownFileType = sourcecode.swift; path = SceneDelegate.swift; sourceTree = "<group>"; };
		8E5088712604F5A9006CFD02 /* ViewController.swift */ = {isa = PBXFileReference; lastKnownFileType = sourcecode.swift; path = ViewController.swift; sourceTree = "<group>"; };
		8E5088742604F5A9006CFD02 /* Base */ = {isa = PBXFileReference; lastKnownFileType = file.storyboard; name = Base; path = Base.lproj/Main.storyboard; sourceTree = "<group>"; };
		8E5088762604F5AD006CFD02 /* Assets.xcassets */ = {isa = PBXFileReference; lastKnownFileType = folder.assetcatalog; path = Assets.xcassets; sourceTree = "<group>"; };
		8E5088792604F5AD006CFD02 /* Base */ = {isa = PBXFileReference; lastKnownFileType = file.storyboard; name = Base; path = Base.lproj/LaunchScreen.storyboard; sourceTree = "<group>"; };
		8E50887B2604F5AD006CFD02 /* Info.plist */ = {isa = PBXFileReference; lastKnownFileType = text.plist.xml; path = Info.plist; sourceTree = "<group>"; };
		8E5088802604F5AD006CFD02 /* DataAppTests.xctest */ = {isa = PBXFileReference; explicitFileType = wrapper.cfbundle; includeInIndex = 0; path = DataAppTests.xctest; sourceTree = BUILT_PRODUCTS_DIR; };
		8E5088862604F5AD006CFD02 /* Info.plist */ = {isa = PBXFileReference; lastKnownFileType = text.plist.xml; path = Info.plist; sourceTree = "<group>"; };
		8E50888B2604F5AD006CFD02 /* DataAppUITests.xctest */ = {isa = PBXFileReference; explicitFileType = wrapper.cfbundle; includeInIndex = 0; path = DataAppUITests.xctest; sourceTree = BUILT_PRODUCTS_DIR; };
		8E50888F2604F5AD006CFD02 /* DataAppUITests.swift */ = {isa = PBXFileReference; lastKnownFileType = sourcecode.swift; path = DataAppUITests.swift; sourceTree = "<group>"; };
		8E5088912604F5AD006CFD02 /* Info.plist */ = {isa = PBXFileReference; lastKnownFileType = text.plist.xml; path = Info.plist; sourceTree = "<group>"; };
		8E5088A02604F621006CFD02 /* LoginWebService.swift */ = {isa = PBXFileReference; lastKnownFileType = sourcecode.swift; path = LoginWebService.swift; sourceTree = "<group>"; };
		8E5088A22604F64F006CFD02 /* LoginWebServiceTest.swift */ = {isa = PBXFileReference; lastKnownFileType = sourcecode.swift; path = LoginWebServiceTest.swift; sourceTree = "<group>"; };
		8E5088A42604F6B6006CFD02 /* LoginRequestModel.swift */ = {isa = PBXFileReference; lastKnownFileType = sourcecode.swift; path = LoginRequestModel.swift; sourceTree = "<group>"; };
		8E5088A62604F765006CFD02 /* LoginResponseModel.swift */ = {isa = PBXFileReference; lastKnownFileType = sourcecode.swift; path = LoginResponseModel.swift; sourceTree = "<group>"; };
		8E5088AA26064722006CFD02 /* MockUrlProtocal.swift */ = {isa = PBXFileReference; lastKnownFileType = sourcecode.swift; path = MockUrlProtocal.swift; sourceTree = "<group>"; };
		8E5088AC26064CCE006CFD02 /* ApiEndPoints.swift */ = {isa = PBXFileReference; lastKnownFileType = sourcecode.swift; path = ApiEndPoints.swift; sourceTree = "<group>"; };
		8E5088AE26065360006CFD02 /* LoginNetworkerror.swift */ = {isa = PBXFileReference; lastKnownFileType = sourcecode.swift; path = LoginNetworkerror.swift; sourceTree = "<group>"; };
		8E8DCDFD26095E9B00647D31 /* LoginPresenterTest.swift */ = {isa = PBXFileReference; lastKnownFileType = sourcecode.swift; path = LoginPresenterTest.swift; sourceTree = "<group>"; };
		8E8DCDFF2609608B00647D31 /* LoginPresenter.swift */ = {isa = PBXFileReference; lastKnownFileType = sourcecode.swift; path = LoginPresenter.swift; sourceTree = "<group>"; };
		8E8DCE0326096A0700647D31 /* MockLoginValidatorModel.swift */ = {isa = PBXFileReference; lastKnownFileType = sourcecode.swift; path = MockLoginValidatorModel.swift; sourceTree = "<group>"; };
		8E8DCE07260F294100647D31 /* LoginViewControllerTest.swift */ = {isa = PBXFileReference; lastKnownFileType = sourcecode.swift; path = LoginViewControllerTest.swift; sourceTree = "<group>"; };
		8E8DCE09260F2DFB00647D31 /* LoginViewController.swift */ = {isa = PBXFileReference; lastKnownFileType = sourcecode.swift; path = LoginViewController.swift; sourceTree = "<group>"; };
		8E8DCE0C2610600700647D31 /* MockLoginPresenter.swift */ = {isa = PBXFileReference; lastKnownFileType = sourcecode.swift; path = MockLoginPresenter.swift; sourceTree = "<group>"; };
		8E8DCE0F2610BE2F00647D31 /* LoginPresenterProtocal.swift */ = {isa = PBXFileReference; lastKnownFileType = sourcecode.swift; path = LoginPresenterProtocal.swift; sourceTree = "<group>"; };
		8E8DCE112610BF1B00647D31 /* LoginModelValidatorProtocol.swift */ = {isa = PBXFileReference; lastKnownFileType = sourcecode.swift; path = LoginModelValidatorProtocol.swift; sourceTree = "<group>"; };
		8E8DCE132610BFA500647D31 /* LoginWebServiceProtocol.swift */ = {isa = PBXFileReference; lastKnownFileType = sourcecode.swift; path = LoginWebServiceProtocol.swift; sourceTree = "<group>"; };
		8E8DCE152610BFD100647D31 /* LoginViewDelegateProtocol.swift */ = {isa = PBXFileReference; lastKnownFileType = sourcecode.swift; path = LoginViewDelegateProtocol.swift; sourceTree = "<group>"; };
		8E8DCE172610C66200647D31 /* LoginModel.swift */ = {isa = PBXFileReference; lastKnownFileType = sourcecode.swift; path = LoginModel.swift; sourceTree = "<group>"; };
		8E8DCE192610CF4800647D31 /* MockLoginWebServiceTest.swift */ = {isa = PBXFileReference; lastKnownFileType = sourcecode.swift; path = MockLoginWebServiceTest.swift; sourceTree = "<group>"; };
		8E8DCE1C2610CFFC00647D31 /* MockLoginViewDelegateTest.swift */ = {isa = PBXFileReference; lastKnownFileType = sourcecode.swift; path = MockLoginViewDelegateTest.swift; sourceTree = "<group>"; };
		8E8DCE1E2612EE0C00647D31 /* LoginFromModelValidator.swift */ = {isa = PBXFileReference; lastKnownFileType = sourcecode.swift; path = LoginFromModelValidator.swift; sourceTree = "<group>"; };
		8E8DCE202612F26100647D31 /* LoginConstants.swift */ = {isa = PBXFileReference; lastKnownFileType = sourcecode.swift; path = LoginConstants.swift; sourceTree = "<group>"; };
/* End PBXFileReference section */

/* Begin PBXFrameworksBuildPhase section */
		8E5088672604F5A9006CFD02 /* Frameworks */ = {
			isa = PBXFrameworksBuildPhase;
			buildActionMask = 2147483647;
			files = (
			);
			runOnlyForDeploymentPostprocessing = 0;
		};
		8E50887D2604F5AD006CFD02 /* Frameworks */ = {
			isa = PBXFrameworksBuildPhase;
			buildActionMask = 2147483647;
			files = (
			);
			runOnlyForDeploymentPostprocessing = 0;
		};
		8E5088882604F5AD006CFD02 /* Frameworks */ = {
			isa = PBXFrameworksBuildPhase;
			buildActionMask = 2147483647;
			files = (
			);
			runOnlyForDeploymentPostprocessing = 0;
		};
/* End PBXFrameworksBuildPhase section */

/* Begin PBXGroup section */
		8E5088612604F5A9006CFD02 = {
			isa = PBXGroup;
			children = (
				8E50886C2604F5A9006CFD02 /* DataApp */,
				8E5088832604F5AD006CFD02 /* DataAppTests */,
				8E50888E2604F5AD006CFD02 /* DataAppUITests */,
				8E50886B2604F5A9006CFD02 /* Products */,
			);
			sourceTree = "<group>";
		};
		8E50886B2604F5A9006CFD02 /* Products */ = {
			isa = PBXGroup;
			children = (
				8E50886A2604F5A9006CFD02 /* DataApp.app */,
				8E5088802604F5AD006CFD02 /* DataAppTests.xctest */,
				8E50888B2604F5AD006CFD02 /* DataAppUITests.xctest */,
			);
			name = Products;
			sourceTree = "<group>";
		};
		8E50886C2604F5A9006CFD02 /* DataApp */ = {
			isa = PBXGroup;
			children = (
				8E8DCE0E2610BDDA00647D31 /* Protocals */,
				8E50889F2604F5CA006CFD02 /* Controllers */,
				8E50889E2604F5C4006CFD02 /* Model */,
				8E50889D2604F5BA006CFD02 /* Network */,
				8E50886D2604F5A9006CFD02 /* AppDelegate.swift */,
				8E50886F2604F5A9006CFD02 /* SceneDelegate.swift */,
				8E5088712604F5A9006CFD02 /* ViewController.swift */,
				8E5088732604F5A9006CFD02 /* Main.storyboard */,
				8E5088762604F5AD006CFD02 /* Assets.xcassets */,
				8E5088782604F5AD006CFD02 /* LaunchScreen.storyboard */,
				8E50887B2604F5AD006CFD02 /* Info.plist */,
			);
			path = DataApp;
			sourceTree = "<group>";
		};
		8E5088832604F5AD006CFD02 /* DataAppTests */ = {
			isa = PBXGroup;
			children = (
				8E8DCE1B2610CFB300647D31 /* Controller */,
				8E8DCE0B26105FC600647D31 /* Mock */,
				8E5088862604F5AD006CFD02 /* Info.plist */,
				8E5088A22604F64F006CFD02 /* LoginWebServiceTest.swift */,
				8E8DCE0326096A0700647D31 /* MockLoginValidatorModel.swift */,
			);
			path = DataAppTests;
			sourceTree = "<group>";
		};
		8E50888E2604F5AD006CFD02 /* DataAppUITests */ = {
			isa = PBXGroup;
			children = (
				8E50888F2604F5AD006CFD02 /* DataAppUITests.swift */,
				8E5088912604F5AD006CFD02 /* Info.plist */,
			);
			path = DataAppUITests;
			sourceTree = "<group>";
		};
		8E50889D2604F5BA006CFD02 /* Network */ = {
			isa = PBXGroup;
			children = (
				8E5088A02604F621006CFD02 /* LoginWebService.swift */,
				8E5088AE26065360006CFD02 /* LoginNetworkerror.swift */,
			);
			path = Network;
			sourceTree = "<group>";
		};
		8E50889E2604F5C4006CFD02 /* Model */ = {
			isa = PBXGroup;
			children = (
				8E5088A42604F6B6006CFD02 /* LoginRequestModel.swift */,
				8E5088A62604F765006CFD02 /* LoginResponseModel.swift */,
				8E5088AC26064CCE006CFD02 /* ApiEndPoints.swift */,
				8E8DCE172610C66200647D31 /* LoginModel.swift */,
				8E8DCE1E2612EE0C00647D31 /* LoginFromModelValidator.swift */,
				8E8DCE202612F26100647D31 /* LoginConstants.swift */,
			);
			path = Model;
			sourceTree = "<group>";
		};
		8E50889F2604F5CA006CFD02 /* Controllers */ = {
			isa = PBXGroup;
			children = (
				8E8DCDFF2609608B00647D31 /* LoginPresenter.swift */,
				8E8DCE09260F2DFB00647D31 /* LoginViewController.swift */,
			);
			path = Controllers;
			sourceTree = "<group>";
		};
		8E8DCE0B26105FC600647D31 /* Mock */ = {
			isa = PBXGroup;
			children = (
				8E8DCE0C2610600700647D31 /* MockLoginPresenter.swift */,
				8E8DCE192610CF4800647D31 /* MockLoginWebServiceTest.swift */,
				8E5088AA26064722006CFD02 /* MockUrlProtocal.swift */,
				8E8DCE1C2610CFFC00647D31 /* MockLoginViewDelegateTest.swift */,
			);
			path = Mock;
			sourceTree = "<group>";
		};
		8E8DCE0E2610BDDA00647D31 /* Protocals */ = {
			isa = PBXGroup;
			children = (
				8E8DCE0F2610BE2F00647D31 /* LoginPresenterProtocal.swift */,
				8E8DCE112610BF1B00647D31 /* LoginModelValidatorProtocol.swift */,
				8E8DCE132610BFA500647D31 /* LoginWebServiceProtocol.swift */,
				8E8DCE152610BFD100647D31 /* LoginViewDelegateProtocol.swift */,
			);
			path = Protocals;
			sourceTree = "<group>";
		};
		8E8DCE1B2610CFB300647D31 /* Controller */ = {
			isa = PBXGroup;
			children = (
				8E8DCDFD26095E9B00647D31 /* LoginPresenterTest.swift */,
				8E8DCE07260F294100647D31 /* LoginViewControllerTest.swift */,
			);
			path = Controller;
			sourceTree = "<group>";
		};
/* End PBXGroup section */

/* Begin PBXNativeTarget section */
		8E5088692604F5A9006CFD02 /* DataApp */ = {
			isa = PBXNativeTarget;
			buildConfigurationList = 8E5088942604F5AD006CFD02 /* Build configuration list for PBXNativeTarget "DataApp" */;
			buildPhases = (
				8E5088662604F5A9006CFD02 /* Sources */,
				8E5088672604F5A9006CFD02 /* Frameworks */,
				8E5088682604F5A9006CFD02 /* Resources */,
			);
			buildRules = (
			);
			dependencies = (
			);
			name = DataApp;
			productName = DataApp;
			productReference = 8E50886A2604F5A9006CFD02 /* DataApp.app */;
			productType = "com.apple.product-type.application";
		};
		8E50887F2604F5AD006CFD02 /* DataAppTests */ = {
			isa = PBXNativeTarget;
			buildConfigurationList = 8E5088972604F5AD006CFD02 /* Build configuration list for PBXNativeTarget "DataAppTests" */;
			buildPhases = (
				8E50887C2604F5AD006CFD02 /* Sources */,
				8E50887D2604F5AD006CFD02 /* Frameworks */,
				8E50887E2604F5AD006CFD02 /* Resources */,
			);
			buildRules = (
			);
			dependencies = (
				8E5088822604F5AD006CFD02 /* PBXTargetDependency */,
			);
			name = DataAppTests;
			productName = DataAppTests;
			productReference = 8E5088802604F5AD006CFD02 /* DataAppTests.xctest */;
			productType = "com.apple.product-type.bundle.unit-test";
		};
		8E50888A2604F5AD006CFD02 /* DataAppUITests */ = {
			isa = PBXNativeTarget;
			buildConfigurationList = 8E50889A2604F5AD006CFD02 /* Build configuration list for PBXNativeTarget "DataAppUITests" */;
			buildPhases = (
				8E5088872604F5AD006CFD02 /* Sources */,
				8E5088882604F5AD006CFD02 /* Frameworks */,
				8E5088892604F5AD006CFD02 /* Resources */,
			);
			buildRules = (
			);
			dependencies = (
				8E50888D2604F5AD006CFD02 /* PBXTargetDependency */,
			);
			name = DataAppUITests;
			productName = DataAppUITests;
			productReference = 8E50888B2604F5AD006CFD02 /* DataAppUITests.xctest */;
			productType = "com.apple.product-type.bundle.ui-testing";
		};
/* End PBXNativeTarget section */

/* Begin PBXProject section */
		8E5088622604F5A9006CFD02 /* Project object */ = {
			isa = PBXProject;
			attributes = {
				LastSwiftUpdateCheck = 1250;
				LastUpgradeCheck = 1250;
				TargetAttributes = {
					8E5088692604F5A9006CFD02 = {
						CreatedOnToolsVersion = 12.5;
					};
					8E50887F2604F5AD006CFD02 = {
						CreatedOnToolsVersion = 12.5;
						TestTargetID = 8E5088692604F5A9006CFD02;
					};
					8E50888A2604F5AD006CFD02 = {
						CreatedOnToolsVersion = 12.5;
						TestTargetID = 8E5088692604F5A9006CFD02;
					};
				};
			};
			buildConfigurationList = 8E5088652604F5A9006CFD02 /* Build configuration list for PBXProject "DataApp" */;
			compatibilityVersion = "Xcode 9.3";
			developmentRegion = en;
			hasScannedForEncodings = 0;
			knownRegions = (
				en,
				Base,
			);
			mainGroup = 8E5088612604F5A9006CFD02;
			productRefGroup = 8E50886B2604F5A9006CFD02 /* Products */;
			projectDirPath = "";
			projectRoot = "";
			targets = (
				8E5088692604F5A9006CFD02 /* DataApp */,
				8E50887F2604F5AD006CFD02 /* DataAppTests */,
				8E50888A2604F5AD006CFD02 /* DataAppUITests */,
			);
		};
/* End PBXProject section */

/* Begin PBXResourcesBuildPhase section */
		8E5088682604F5A9006CFD02 /* Resources */ = {
			isa = PBXResourcesBuildPhase;
			buildActionMask = 2147483647;
			files = (
				8E50887A2604F5AD006CFD02 /* LaunchScreen.storyboard in Resources */,
				8E5088772604F5AD006CFD02 /* Assets.xcassets in Resources */,
				8E5088752604F5A9006CFD02 /* Main.storyboard in Resources */,
			);
			runOnlyForDeploymentPostprocessing = 0;
		};
		8E50887E2604F5AD006CFD02 /* Resources */ = {
			isa = PBXResourcesBuildPhase;
			buildActionMask = 2147483647;
			files = (
			);
			runOnlyForDeploymentPostprocessing = 0;
		};
		8E5088892604F5AD006CFD02 /* Resources */ = {
			isa = PBXResourcesBuildPhase;
			buildActionMask = 2147483647;
			files = (
			);
			runOnlyForDeploymentPostprocessing = 0;
		};
/* End PBXResourcesBuildPhase section */

/* Begin PBXSourcesBuildPhase section */
		8E5088662604F5A9006CFD02 /* Sources */ = {
			isa = PBXSourcesBuildPhase;
			buildActionMask = 2147483647;
			files = (
				8E5088A72604F765006CFD02 /* LoginResponseModel.swift in Sources */,
				8E5088A12604F621006CFD02 /* LoginWebService.swift in Sources */,
				8E5088A52604F6B6006CFD02 /* LoginRequestModel.swift in Sources */,
				8E8DCE212612F26100647D31 /* LoginConstants.swift in Sources */,
				8E8DCE002609608B00647D31 /* LoginPresenter.swift in Sources */,
				8E8DCE102610BE2F00647D31 /* LoginPresenterProtocal.swift in Sources */,
				8E8DCE142610BFA500647D31 /* LoginWebServiceProtocol.swift in Sources */,
				8E5088AD26064CCE006CFD02 /* ApiEndPoints.swift in Sources */,
				8E8DCE122610BF1B00647D31 /* LoginModelValidatorProtocol.swift in Sources */,
				8E5088722604F5A9006CFD02 /* ViewController.swift in Sources */,
				8E50886E2604F5A9006CFD02 /* AppDelegate.swift in Sources */,
				8E8DCE182610C66200647D31 /* LoginModel.swift in Sources */,
				8E5088702604F5A9006CFD02 /* SceneDelegate.swift in Sources */,
				8E8DCE1F2612EE0C00647D31 /* LoginFromModelValidator.swift in Sources */,
				8E8DCE0A260F2DFB00647D31 /* LoginViewController.swift in Sources */,
				8E5088AF26065360006CFD02 /* LoginNetworkerror.swift in Sources */,
				8E8DCE162610BFD100647D31 /* LoginViewDelegateProtocol.swift in Sources */,
			);
			runOnlyForDeploymentPostprocessing = 0;
		};
		8E50887C2604F5AD006CFD02 /* Sources */ = {
			isa = PBXSourcesBuildPhase;
			buildActionMask = 2147483647;
			files = (
				8E8DCE0D2610600700647D31 /* MockLoginPresenter.swift in Sources */,
				8E5088AB26064722006CFD02 /* MockUrlProtocal.swift in Sources */,
				8E8DCDFE26095E9B00647D31 /* LoginPresenterTest.swift in Sources */,
				8E8DCE1D2610CFFC00647D31 /* MockLoginViewDelegateTest.swift in Sources */,
				8E8DCE08260F294100647D31 /* LoginViewControllerTest.swift in Sources */,
				8E8DCE1A2610CF4800647D31 /* MockLoginWebServiceTest.swift in Sources */,
				8E8DCE0426096A0700647D31 /* MockLoginValidatorModel.swift in Sources */,
				8E5088A32604F64F006CFD02 /* LoginWebServiceTest.swift in Sources */,
			);
			runOnlyForDeploymentPostprocessing = 0;
		};
		8E5088872604F5AD006CFD02 /* Sources */ = {
			isa = PBXSourcesBuildPhase;
			buildActionMask = 2147483647;
			files = (
				8E5088902604F5AD006CFD02 /* DataAppUITests.swift in Sources */,
			);
			runOnlyForDeploymentPostprocessing = 0;
		};
/* End PBXSourcesBuildPhase section */

/* Begin PBXTargetDependency section */
		8E5088822604F5AD006CFD02 /* PBXTargetDependency */ = {
			isa = PBXTargetDependency;
			target = 8E5088692604F5A9006CFD02 /* DataApp */;
			targetProxy = 8E5088812604F5AD006CFD02 /* PBXContainerItemProxy */;
		};
		8E50888D2604F5AD006CFD02 /* PBXTargetDependency */ = {
			isa = PBXTargetDependency;
			target = 8E5088692604F5A9006CFD02 /* DataApp */;
			targetProxy = 8E50888C2604F5AD006CFD02 /* PBXContainerItemProxy */;
		};
/* End PBXTargetDependency section */

/* Begin PBXVariantGroup section */
		8E5088732604F5A9006CFD02 /* Main.storyboard */ = {
			isa = PBXVariantGroup;
			children = (
				8E5088742604F5A9006CFD02 /* Base */,
			);
			name = Main.storyboard;
			sourceTree = "<group>";
		};
		8E5088782604F5AD006CFD02 /* LaunchScreen.storyboard */ = {
			isa = PBXVariantGroup;
			children = (
				8E5088792604F5AD006CFD02 /* Base */,
			);
			name = LaunchScreen.storyboard;
			sourceTree = "<group>";
		};
/* End PBXVariantGroup section */

/* Begin XCBuildConfiguration section */
		8E5088922604F5AD006CFD02 /* Debug */ = {
			isa = XCBuildConfiguration;
			buildSettings = {
				ALWAYS_SEARCH_USER_PATHS = NO;
				CLANG_ANALYZER_NONNULL = YES;
				CLANG_ANALYZER_NUMBER_OBJECT_CONVERSION = YES_AGGRESSIVE;
				CLANG_CXX_LANGUAGE_STANDARD = "gnu++14";
				CLANG_CXX_LIBRARY = "libc++";
				CLANG_ENABLE_MODULES = YES;
				CLANG_ENABLE_OBJC_ARC = YES;
				CLANG_ENABLE_OBJC_WEAK = YES;
				CLANG_WARN_BLOCK_CAPTURE_AUTORELEASING = YES;
				CLANG_WARN_BOOL_CONVERSION = YES;
				CLANG_WARN_COMMA = YES;
				CLANG_WARN_CONSTANT_CONVERSION = YES;
				CLANG_WARN_DEPRECATED_OBJC_IMPLEMENTATIONS = YES;
				CLANG_WARN_DIRECT_OBJC_ISA_USAGE = YES_ERROR;
				CLANG_WARN_DOCUMENTATION_COMMENTS = YES;
				CLANG_WARN_EMPTY_BODY = YES;
				CLANG_WARN_ENUM_CONVERSION = YES;
				CLANG_WARN_INFINITE_RECURSION = YES;
				CLANG_WARN_INT_CONVERSION = YES;
				CLANG_WARN_NON_LITERAL_NULL_CONVERSION = YES;
				CLANG_WARN_OBJC_IMPLICIT_RETAIN_SELF = YES;
				CLANG_WARN_OBJC_LITERAL_CONVERSION = YES;
				CLANG_WARN_OBJC_ROOT_CLASS = YES_ERROR;
				CLANG_WARN_QUOTED_INCLUDE_IN_FRAMEWORK_HEADER = YES;
				CLANG_WARN_RANGE_LOOP_ANALYSIS = YES;
				CLANG_WARN_STRICT_PROTOTYPES = YES;
				CLANG_WARN_SUSPICIOUS_MOVE = YES;
				CLANG_WARN_UNGUARDED_AVAILABILITY = YES_AGGRESSIVE;
				CLANG_WARN_UNREACHABLE_CODE = YES;
				CLANG_WARN__DUPLICATE_METHOD_MATCH = YES;
				COPY_PHASE_STRIP = NO;
				DEBUG_INFORMATION_FORMAT = dwarf;
				ENABLE_STRICT_OBJC_MSGSEND = YES;
				ENABLE_TESTABILITY = YES;
				GCC_C_LANGUAGE_STANDARD = gnu11;
				GCC_DYNAMIC_NO_PIC = NO;
				GCC_NO_COMMON_BLOCKS = YES;
				GCC_OPTIMIZATION_LEVEL = 0;
				GCC_PREPROCESSOR_DEFINITIONS = (
					"DEBUG=1",
					"$(inherited)",
				);
				GCC_WARN_64_TO_32_BIT_CONVERSION = YES;
				GCC_WARN_ABOUT_RETURN_TYPE = YES_ERROR;
				GCC_WARN_UNDECLARED_SELECTOR = YES;
				GCC_WARN_UNINITIALIZED_AUTOS = YES_AGGRESSIVE;
				GCC_WARN_UNUSED_FUNCTION = YES;
				GCC_WARN_UNUSED_VARIABLE = YES;
				IPHONEOS_DEPLOYMENT_TARGET = 14.5;
				MTL_ENABLE_DEBUG_INFO = INCLUDE_SOURCE;
				MTL_FAST_MATH = YES;
				ONLY_ACTIVE_ARCH = YES;
				SDKROOT = iphoneos;
				SWIFT_ACTIVE_COMPILATION_CONDITIONS = DEBUG;
				SWIFT_OPTIMIZATION_LEVEL = "-Onone";
			};
			name = Debug;
		};
		8E5088932604F5AD006CFD02 /* Release */ = {
			isa = XCBuildConfiguration;
			buildSettings = {
				ALWAYS_SEARCH_USER_PATHS = NO;
				CLANG_ANALYZER_NONNULL = YES;
				CLANG_ANALYZER_NUMBER_OBJECT_CONVERSION = YES_AGGRESSIVE;
				CLANG_CXX_LANGUAGE_STANDARD = "gnu++14";
				CLANG_CXX_LIBRARY = "libc++";
				CLANG_ENABLE_MODULES = YES;
				CLANG_ENABLE_OBJC_ARC = YES;
				CLANG_ENABLE_OBJC_WEAK = YES;
				CLANG_WARN_BLOCK_CAPTURE_AUTORELEASING = YES;
				CLANG_WARN_BOOL_CONVERSION = YES;
				CLANG_WARN_COMMA = YES;
				CLANG_WARN_CONSTANT_CONVERSION = YES;
				CLANG_WARN_DEPRECATED_OBJC_IMPLEMENTATIONS = YES;
				CLANG_WARN_DIRECT_OBJC_ISA_USAGE = YES_ERROR;
				CLANG_WARN_DOCUMENTATION_COMMENTS = YES;
				CLANG_WARN_EMPTY_BODY = YES;
				CLANG_WARN_ENUM_CONVERSION = YES;
				CLANG_WARN_INFINITE_RECURSION = YES;
				CLANG_WARN_INT_CONVERSION = YES;
				CLANG_WARN_NON_LITERAL_NULL_CONVERSION = YES;
				CLANG_WARN_OBJC_IMPLICIT_RETAIN_SELF = YES;
				CLANG_WARN_OBJC_LITERAL_CONVERSION = YES;
				CLANG_WARN_OBJC_ROOT_CLASS = YES_ERROR;
				CLANG_WARN_QUOTED_INCLUDE_IN_FRAMEWORK_HEADER = YES;
				CLANG_WARN_RANGE_LOOP_ANALYSIS = YES;
				CLANG_WARN_STRICT_PROTOTYPES = YES;
				CLANG_WARN_SUSPICIOUS_MOVE = YES;
				CLANG_WARN_UNGUARDED_AVAILABILITY = YES_AGGRESSIVE;
				CLANG_WARN_UNREACHABLE_CODE = YES;
				CLANG_WARN__DUPLICATE_METHOD_MATCH = YES;
				COPY_PHASE_STRIP = NO;
				DEBUG_INFORMATION_FORMAT = "dwarf-with-dsym";
				ENABLE_NS_ASSERTIONS = NO;
				ENABLE_STRICT_OBJC_MSGSEND = YES;
				GCC_C_LANGUAGE_STANDARD = gnu11;
				GCC_NO_COMMON_BLOCKS = YES;
				GCC_WARN_64_TO_32_BIT_CONVERSION = YES;
				GCC_WARN_ABOUT_RETURN_TYPE = YES_ERROR;
				GCC_WARN_UNDECLARED_SELECTOR = YES;
				GCC_WARN_UNINITIALIZED_AUTOS = YES_AGGRESSIVE;
				GCC_WARN_UNUSED_FUNCTION = YES;
				GCC_WARN_UNUSED_VARIABLE = YES;
				IPHONEOS_DEPLOYMENT_TARGET = 14.5;
				MTL_ENABLE_DEBUG_INFO = NO;
				MTL_FAST_MATH = YES;
				SDKROOT = iphoneos;
				SWIFT_COMPILATION_MODE = wholemodule;
				SWIFT_OPTIMIZATION_LEVEL = "-O";
				VALIDATE_PRODUCT = YES;
			};
			name = Release;
		};
		8E5088952604F5AD006CFD02 /* Debug */ = {
			isa = XCBuildConfiguration;
			buildSettings = {
				ASSETCATALOG_COMPILER_APPICON_NAME = AppIcon;
				ASSETCATALOG_COMPILER_GLOBAL_ACCENT_COLOR_NAME = AccentColor;
				CODE_SIGN_STYLE = Automatic;
				INFOPLIST_FILE = DataApp/Info.plist;
				LD_RUNPATH_SEARCH_PATHS = (
					"$(inherited)",
					"@executable_path/Frameworks",
				);
				PRODUCT_BUNDLE_IDENTIFIER = Pallavi.DataApp;
				PRODUCT_NAME = "$(TARGET_NAME)";
				SWIFT_VERSION = 5.0;
				TARGETED_DEVICE_FAMILY = "1,2";
			};
			name = Debug;
		};
		8E5088962604F5AD006CFD02 /* Release */ = {
			isa = XCBuildConfiguration;
			buildSettings = {
				ASSETCATALOG_COMPILER_APPICON_NAME = AppIcon;
				ASSETCATALOG_COMPILER_GLOBAL_ACCENT_COLOR_NAME = AccentColor;
				CODE_SIGN_STYLE = Automatic;
				INFOPLIST_FILE = DataApp/Info.plist;
				LD_RUNPATH_SEARCH_PATHS = (
					"$(inherited)",
					"@executable_path/Frameworks",
				);
				PRODUCT_BUNDLE_IDENTIFIER = Pallavi.DataApp;
				PRODUCT_NAME = "$(TARGET_NAME)";
				SWIFT_VERSION = 5.0;
				TARGETED_DEVICE_FAMILY = "1,2";
			};
			name = Release;
		};
		8E5088982604F5AD006CFD02 /* Debug */ = {
			isa = XCBuildConfiguration;
			buildSettings = {
				ALWAYS_EMBED_SWIFT_STANDARD_LIBRARIES = YES;
				BUNDLE_LOADER = "$(TEST_HOST)";
				CODE_SIGN_STYLE = Automatic;
				INFOPLIST_FILE = DataAppTests/Info.plist;
				IPHONEOS_DEPLOYMENT_TARGET = 14.5;
				LD_RUNPATH_SEARCH_PATHS = (
					"$(inherited)",
					"@executable_path/Frameworks",
					"@loader_path/Frameworks",
				);
				PRODUCT_BUNDLE_IDENTIFIER = Pallavi.DataAppTests;
				PRODUCT_NAME = "$(TARGET_NAME)";
				SWIFT_VERSION = 5.0;
				TARGETED_DEVICE_FAMILY = "1,2";
				TEST_HOST = "$(BUILT_PRODUCTS_DIR)/DataApp.app/DataApp";
			};
			name = Debug;
		};
		8E5088992604F5AD006CFD02 /* Release */ = {
			isa = XCBuildConfiguration;
			buildSettings = {
				ALWAYS_EMBED_SWIFT_STANDARD_LIBRARIES = YES;
				BUNDLE_LOADER = "$(TEST_HOST)";
				CODE_SIGN_STYLE = Automatic;
				INFOPLIST_FILE = DataAppTests/Info.plist;
				IPHONEOS_DEPLOYMENT_TARGET = 14.5;
				LD_RUNPATH_SEARCH_PATHS = (
					"$(inherited)",
					"@executable_path/Frameworks",
					"@loader_path/Frameworks",
				);
				PRODUCT_BUNDLE_IDENTIFIER = Pallavi.DataAppTests;
				PRODUCT_NAME = "$(TARGET_NAME)";
				SWIFT_VERSION = 5.0;
				TARGETED_DEVICE_FAMILY = "1,2";
				TEST_HOST = "$(BUILT_PRODUCTS_DIR)/DataApp.app/DataApp";
			};
			name = Release;
		};
		8E50889B2604F5AD006CFD02 /* Debug */ = {
			isa = XCBuildConfiguration;
			buildSettings = {
				ALWAYS_EMBED_SWIFT_STANDARD_LIBRARIES = YES;
				CODE_SIGN_STYLE = Automatic;
				INFOPLIST_FILE = DataAppUITests/Info.plist;
				LD_RUNPATH_SEARCH_PATHS = (
					"$(inherited)",
					"@executable_path/Frameworks",
					"@loader_path/Frameworks",
				);
				PRODUCT_BUNDLE_IDENTIFIER = Pallavi.DataAppUITests;
				PRODUCT_NAME = "$(TARGET_NAME)";
				SWIFT_VERSION = 5.0;
				TARGETED_DEVICE_FAMILY = "1,2";
				TEST_TARGET_NAME = DataApp;
			};
			name = Debug;
		};
		8E50889C2604F5AD006CFD02 /* Release */ = {
			isa = XCBuildConfiguration;
			buildSettings = {
				ALWAYS_EMBED_SWIFT_STANDARD_LIBRARIES = YES;
				CODE_SIGN_STYLE = Automatic;
				INFOPLIST_FILE = DataAppUITests/Info.plist;
				LD_RUNPATH_SEARCH_PATHS = (
					"$(inherited)",
					"@executable_path/Frameworks",
					"@loader_path/Frameworks",
				);
				PRODUCT_BUNDLE_IDENTIFIER = Pallavi.DataAppUITests;
				PRODUCT_NAME = "$(TARGET_NAME)";
				SWIFT_VERSION = 5.0;
				TARGETED_DEVICE_FAMILY = "1,2";
				TEST_TARGET_NAME = DataApp;
			};
			name = Release;
		};
/* End XCBuildConfiguration section */

/* Begin XCConfigurationList section */
		8E5088652604F5A9006CFD02 /* Build configuration list for PBXProject "DataApp" */ = {
			isa = XCConfigurationList;
			buildConfigurations = (
				8E5088922604F5AD006CFD02 /* Debug */,
				8E5088932604F5AD006CFD02 /* Release */,
			);
			defaultConfigurationIsVisible = 0;
			defaultConfigurationName = Release;
		};
		8E5088942604F5AD006CFD02 /* Build configuration list for PBXNativeTarget "DataApp" */ = {
			isa = XCConfigurationList;
			buildConfigurations = (
				8E5088952604F5AD006CFD02 /* Debug */,
				8E5088962604F5AD006CFD02 /* Release */,
			);
			defaultConfigurationIsVisible = 0;
			defaultConfigurationName = Release;
		};
		8E5088972604F5AD006CFD02 /* Build configuration list for PBXNativeTarget "DataAppTests" */ = {
			isa = XCConfigurationList;
			buildConfigurations = (
				8E5088982604F5AD006CFD02 /* Debug */,
				8E5088992604F5AD006CFD02 /* Release */,
			);
			defaultConfigurationIsVisible = 0;
			defaultConfigurationName = Release;
		};
		8E50889A2604F5AD006CFD02 /* Build configuration list for PBXNativeTarget "DataAppUITests" */ = {
			isa = XCConfigurationList;
			buildConfigurations = (
				8E50889B2604F5AD006CFD02 /* Debug */,
				8E50889C2604F5AD006CFD02 /* Release */,
			);
			defaultConfigurationIsVisible = 0;
			defaultConfigurationName = Release;
		};
/* End XCConfigurationList section */
	};
	rootObject = 8E5088622604F5A9006CFD02 /* Project object */;
}
